
Microsoft Visual Studio Solution File, Format Version 12.00
# Visual Studio 15
VisualStudioVersion = 15.0.28307.852
MinimumVisualStudioVersion = 10.0.40219.1
Project("{FAE04EC0-301F-11D3-BF4B-00C04F79EFBC}") = "WebJobConsoleApp", "WebJobConsoleApp\WebJobConsoleApp.csproj", "{EC2F3BD8-B9EE-4ADA-B4FA-3E33E6603F04}"
EndProject
Global
	GlobalSection(SolutionConfigurationPlatforms) = preSolution
		Debug|Any CPU = Debug|Any CPU
		Release|Any CPU = Release|Any CPU
	EndGlobalSection
	GlobalSection(ProjectConfigurationPlatforms) = postSolution
		{EC2F3BD8-B9EE-4ADA-B4FA-3E33E6603F04}.Debug|Any CPU.ActiveCfg = Debug|Any CPU
		{EC2F3BD8-B9EE-4ADA-B4FA-3E33E6603F04}.Debug|Any CPU.Build.0 = Debug|Any CPU
		{EC2F3BD8-B9EE-4ADA-B4FA-3E33E6603F04}.Release|Any CPU.ActiveCfg = Release|Any CPU
		{EC2F3BD8-B9EE-4ADA-B4FA-3E33E6603F04}.Release|Any CPU.Build.0 = Release|Any CPU
	EndGlobalSection
	GlobalSection(SolutionProperties) = preSolution
		HideSolutionNode = FALSE
	EndGlobalSection
	GlobalSection(ExtensibilityGlobals) = postSolution
		SolutionGuid = {4E9B8817-540E-4761-BE15-F925895D790B}
	EndGlobalSection
EndGlobal
